PODS:
  - YumiAdSDK (4.5.1.400):
    - YumiBytedanceAds
    - YumiGDT
  - YumiBytedanceAds (2.7.5.2)
  - YumiGDT (4.11.3)

DEPENDENCIES:
  - YumiAdSDK (= 4.5.1.400)

SPEC REPOS:
  https://github.com/CocoaPods/Specs.git:
    - YumiAdSDK
    - YumiBytedanceAds
    - YumiGDT

SPEC CHECKSUMS:
  YumiAdSDK: 36c941d1a30e22dcf6b7398965ae5c64ef54a666
  YumiBytedanceAds: 70d9fd9051b8ef81fca1df39b025a357766989a8
  YumiGDT: 26de8b0ebd5e546f44b7367af6ccf44a380c9f47

PODFILE CHECKSUM: b1de12e2db468d7827e58216059a114e9596ded4

COCOAPODS: 1.8.4
