PODS:
  - YumiAdSDK (4.5.1.000):
    - YumiMediationAdapterBytedance (= 4.5.1)
    - YumiMediationSDK (= 4.5.1)
  - YumiBytedanceAds (2.7.5.2)
  - YumiMediationAdapterBytedance (4.5.1):
    - YumiBytedanceAds (= 2.7.5.2)
    - YumiMediationSDK (~> 4.5.0)
  - YumiMediationSDK (4.5.1)

DEPENDENCIES:
  - YumiAdSDK (= 4.5.1.000)

SPEC REPOS:
  trunk:
    - YumiAdSDK
    - YumiBytedanceAds
    - YumiMediationAdapterBytedance
    - YumiMediationSDK

SPEC CHECKSUMS:
  YumiAdSDK: 963a32c86f1d306425db176a5052725fa78cc717
  YumiBytedanceAds: 70d9fd9051b8ef81fca1df39b025a357766989a8
  YumiMediationAdapterBytedance: 30582359fb49b137eb093dad1068631c745e0f8f
  YumiMediationSDK: 7c1a46b1a2f07570e01966ae2c340abd111e621e

PODFILE CHECKSUM: 2953a37b55dd2981f666cb600a905ef4f77463e5

COCOAPODS: 1.8.4
