// !$*UTF8*$!
{
	archiveVersion = 1;
	classes = {
	};
	objectVersion = 51;
	objects = {

/* Begin PBXBuildFile section */
		33023205A462BC199053CD3A /* libPods-YumiAdSDKDemo-iOSTests.a in Frameworks */ = {isa = PBXBuildFile; fileRef = 583CC2E741D0D961944FD539 /* libPods-YumiAdSDKDemo-iOSTests.a */; };
		385B0A59800401FB4323C5C8 /* libPods-YumiAdSDKDemo-iOSUITests.a in Frameworks */ = {isa = PBXBuildFile; fileRef = 6A9B93AEE20EC8A0B6AA35A8 /* libPods-YumiAdSDKDemo-iOSUITests.a */; };
		6D1385EA22CEE41B00EBBB50 /* YumiMediationInitializeInfoUserDefaults.m in Sources */ = {isa = PBXBuildFile; fileRef = 6D1385E522CEE41B00EBBB50 /* YumiMediationInitializeInfoUserDefaults.m */; };
		6D1385EB22CEE41B00EBBB50 /* PADemoUtils.m in Sources */ = {isa = PBXBuildFile; fileRef = 6D1385E722CEE41B00EBBB50 /* PADemoUtils.m */; };
		6D1385EC22CEE41B00EBBB50 /* YumiMediationInitializeModel.m in Sources */ = {isa = PBXBuildFile; fileRef = 6D1385E822CEE41B00EBBB50 /* YumiMediationInitializeModel.m */; };
		6D1385F622CEE42B00EBBB50 /* native_close@2x.png in Resources */ = {isa = PBXBuildFile; fileRef = 6D1385ED22CEE42A00EBBB50 /* native_close@2x.png */; };
		6D1385F722CEE42B00EBBB50 /* YumiViewController.m in Sources */ = {isa = PBXBuildFile; fileRef = 6D1385EF22CEE42A00EBBB50 /* YumiViewController.m */; };
		6D1385F822CEE42B00EBBB50 /* YumiMediationAppViewController.m in Sources */ = {isa = PBXBuildFile; fileRef = 6D1385F122CEE42B00EBBB50 /* YumiMediationAppViewController.m */; };
		6D1385F922CEE42B00EBBB50 /* native_back@2x.png in Resources */ = {isa = PBXBuildFile; fileRef = 6D1385F222CEE42B00EBBB50 /* native_back@2x.png */; };
		6D1385FA22CEE42B00EBBB50 /* YumiMediationAppViewController.xib in Resources */ = {isa = PBXBuildFile; fileRef = 6D1385F322CEE42B00EBBB50 /* YumiMediationAppViewController.xib */; };
		6D1385FB22CEE42B00EBBB50 /* YumiNativeView.m in Sources */ = {isa = PBXBuildFile; fileRef = 6D1385F422CEE42B00EBBB50 /* YumiNativeView.m */; };
		6D3888C522CC4990005939C7 /* CALayer+Transition.m in Sources */ = {isa = PBXBuildFile; fileRef = 6D3888AF22CC4990005939C7 /* CALayer+Transition.m */; };
		6D3888C722CC4990005939C7 /* UIView+Toast.m in Sources */ = {isa = PBXBuildFile; fileRef = 6D3888B522CC4990005939C7 /* UIView+Toast.m */; };
		6DA0DB2622CAF7D600CADFCC /* AppDelegate.m in Sources */ = {isa = PBXBuildFile; fileRef = 6DA0DB2522CAF7D600CADFCC /* AppDelegate.m */; };
		6DA0DB2C22CAF7D600CADFCC /* Main.storyboard in Resources */ = {isa = PBXBuildFile; fileRef = 6DA0DB2A22CAF7D600CADFCC /* Main.storyboard */; };
		6DA0DB2F22CAF7D600CADFCC /* YumiAdSDKDemo_iOS.xcdatamodeld in Sources */ = {isa = PBXBuildFile; fileRef = 6DA0DB2D22CAF7D600CADFCC /* YumiAdSDKDemo_iOS.xcdatamodeld */; };
		6DA0DB3122CAF7D800CADFCC /* Assets.xcassets in Resources */ = {isa = PBXBuildFile; fileRef = 6DA0DB3022CAF7D800CADFCC /* Assets.xcassets */; };
		6DA0DB3422CAF7D800CADFCC /* LaunchScreen.storyboard in Resources */ = {isa = PBXBuildFile; fileRef = 6DA0DB3222CAF7D800CADFCC /* LaunchScreen.storyboard */; };
		6DA0DB3722CAF7D800CADFCC /* main.m in Sources */ = {isa = PBXBuildFile; fileRef = 6DA0DB3622CAF7D800CADFCC /* main.m */; };
		6DA0DB4122CAF7D800CADFCC /* YumiAdSDKDemo_iOSTests.m in Sources */ = {isa = PBXBuildFile; fileRef = 6DA0DB4022CAF7D800CADFCC /* YumiAdSDKDemo_iOSTests.m */; };
		6DA0DB4C22CAF7D800CADFCC /* YumiAdSDKDemo_iOSUITests.m in Sources */ = {isa = PBXBuildFile; fileRef = 6DA0DB4B22CAF7D800CADFCC /* YumiAdSDKDemo_iOSUITests.m */; };
		6DC807F22328EDBB00041C13 /* YumiNativeView.xib in Resources */ = {isa = PBXBuildFile; fileRef = 6DC807EF2328EDBB00041C13 /* YumiNativeView.xib */; };
		C88F7F357EE0CD4C9A1165A4 /* libPods-YumiAdSDKDemo-iOS.a in Frameworks */ = {isa = PBXBuildFile; fileRef = 0360EBD86D6130BB542E099F /* libPods-YumiAdSDKDemo-iOS.a */; };
/* End PBXBuildFile section */

/* Begin PBXContainerItemProxy section */
		6DA0DB3D22CAF7D800CADFCC /* PBXContainerItemProxy */ = {
			isa = PBXContainerItemProxy;
			containerPortal = 6DA0DB1922CAF7D600CADFCC /* Project object */;
			proxyType = 1;
			remoteGlobalIDString = 6DA0DB2022CAF7D600CADFCC;
			remoteInfo = "YumiAdSDKDemo-iOS";
		};
		6DA0DB4822CAF7D800CADFCC /* PBXContainerItemProxy */ = {
			isa = PBXContainerItemProxy;
			containerPortal = 6DA0DB1922CAF7D600CADFCC /* Project object */;
			proxyType = 1;
			remoteGlobalIDString = 6DA0DB2022CAF7D600CADFCC;
			remoteInfo = "YumiAdSDKDemo-iOS";
		};
/* End PBXContainerItemProxy section */

/* Begin PBXFileReference section */
		028A0E7ED771B43ED34B2B64 /* Pods-YumiAdSDKDemo-iOSUITests.release.xcconfig */ = {isa = PBXFileReference; includeInIndex = 1; lastKnownFileType = text.xcconfig; name = "Pods-YumiAdSDKDemo-iOSUITests.release.xcconfig"; path = "Target Support Files/Pods-YumiAdSDKDemo-iOSUITests/Pods-YumiAdSDKDemo-iOSUITests.release.xcconfig"; sourceTree = "<group>"; };
		0360EBD86D6130BB542E099F /* libPods-YumiAdSDKDemo-iOS.a */ = {isa = PBXFileReference; explicitFileType = archive.ar; includeInIndex = 0; path = "libPods-YumiAdSDKDemo-iOS.a"; sourceTree = BUILT_PRODUCTS_DIR; };
		4980F35CE1916E8F4E992B71 /* Pods-YumiAdSDKDemo-iOS.release.xcconfig */ = {isa = PBXFileReference; includeInIndex = 1; lastKnownFileType = text.xcconfig; name = "Pods-YumiAdSDKDemo-iOS.release.xcconfig"; path = "Target Support Files/Pods-YumiAdSDKDemo-iOS/Pods-YumiAdSDKDemo-iOS.release.xcconfig"; sourceTree = "<group>"; };
		583CC2E741D0D961944FD539 /* libPods-YumiAdSDKDemo-iOSTests.a */ = {isa = PBXFileReference; explicitFileType = archive.ar; includeInIndex = 0; path = "libPods-YumiAdSDKDemo-iOSTests.a"; sourceTree = BUILT_PRODUCTS_DIR; };
		63A6BD2A437E3FB80B5C60DD /* Pods-YumiAdSDKDemo-iOSUITests.debug.xcconfig */ = {isa = PBXFileReference; includeInIndex = 1; lastKnownFileType = text.xcconfig; name = "Pods-YumiAdSDKDemo-iOSUITests.debug.xcconfig"; path = "Target Support Files/Pods-YumiAdSDKDemo-iOSUITests/Pods-YumiAdSDKDemo-iOSUITests.debug.xcconfig"; sourceTree = "<group>"; };
		6A9B93AEE20EC8A0B6AA35A8 /* libPods-YumiAdSDKDemo-iOSUITests.a */ = {isa = PBXFileReference; explicitFileType = archive.ar; includeInIndex = 0; path = "libPods-YumiAdSDKDemo-iOSUITests.a"; sourceTree = BUILT_PRODUCTS_DIR; };
		6D1385E122CEE41B00EBBB50 /* YumiMediationInitializeInfoUserDefaults.h */ = {isa = PBXFileReference; fileEncoding = 4; lastKnownFileType = sourcecode.c.h; path = YumiMediationInitializeInfoUserDefaults.h; sourceTree = "<group>"; };
		6D1385E322CEE41B00EBBB50 /* PADemoUtils.h */ = {isa = PBXFileReference; fileEncoding = 4; lastKnownFileType = sourcecode.c.h; path = PADemoUtils.h; sourceTree = "<group>"; };
		6D1385E422CEE41B00EBBB50 /* YumiCommonHeaderFile.h */ = {isa = PBXFileReference; fileEncoding = 4; lastKnownFileType = sourcecode.c.h; path = YumiCommonHeaderFile.h; sourceTree = "<group>"; };
		6D1385E522CEE41B00EBBB50 /* YumiMediationInitializeInfoUserDefaults.m */ = {isa = PBXFileReference; fileEncoding = 4; lastKnownFileType = sourcecode.c.objc; path = YumiMediationInitializeInfoUserDefaults.m; sourceTree = "<group>"; };
		6D1385E622CEE41B00EBBB50 /* YumiMediationInitializeModel.h */ = {isa = PBXFileReference; fileEncoding = 4; lastKnownFileType = sourcecode.c.h; path = YumiMediationInitializeModel.h; sourceTree = "<group>"; };
		6D1385E722CEE41B00EBBB50 /* PADemoUtils.m */ = {isa = PBXFileReference; fileEncoding = 4; lastKnownFileType = sourcecode.c.objc; path = PADemoUtils.m; sourceTree = "<group>"; };
		6D1385E822CEE41B00EBBB50 /* YumiMediationInitializeModel.m */ = {isa = PBXFileReference; fileEncoding = 4; lastKnownFileType = sourcecode.c.objc; path = YumiMediationInitializeModel.m; sourceTree = "<group>"; };
		6D1385ED22CEE42A00EBBB50 /* native_close@2x.png */ = {isa = PBXFileReference; lastKnownFileType = image.png; path = "native_close@2x.png"; sourceTree = "<group>"; };
		6D1385EE22CEE42A00EBBB50 /* YumiViewController.h */ = {isa = PBXFileReference; fileEncoding = 4; lastKnownFileType = sourcecode.c.h; path = YumiViewController.h; sourceTree = "<group>"; };
		6D1385EF22CEE42A00EBBB50 /* YumiViewController.m */ = {isa = PBXFileReference; fileEncoding = 4; lastKnownFileType = sourcecode.c.objc; path = YumiViewController.m; sourceTree = "<group>"; };
		6D1385F022CEE42A00EBBB50 /* YumiNativeView.h */ = {isa = PBXFileReference; fileEncoding = 4; lastKnownFileType = sourcecode.c.h; path = YumiNativeView.h; sourceTree = "<group>"; };
		6D1385F122CEE42B00EBBB50 /* YumiMediationAppViewController.m */ = {isa = PBXFileReference; fileEncoding = 4; lastKnownFileType = sourcecode.c.objc; path = YumiMediationAppViewController.m; sourceTree = "<group>"; };
		6D1385F222CEE42B00EBBB50 /* native_back@2x.png */ = {isa = PBXFileReference; lastKnownFileType = image.png; path = "native_back@2x.png"; sourceTree = "<group>"; };
		6D1385F322CEE42B00EBBB50 /* YumiMediationAppViewController.xib */ = {isa = PBXFileReference; fileEncoding = 4; lastKnownFileType = file.xib; path = YumiMediationAppViewController.xib; sourceTree = "<group>"; };
		6D1385F422CEE42B00EBBB50 /* YumiNativeView.m */ = {isa = PBXFileReference; fileEncoding = 4; lastKnownFileType = sourcecode.c.objc; path = YumiNativeView.m; sourceTree = "<group>"; };
		6D1385F522CEE42B00EBBB50 /* YumiMediationAppViewController.h */ = {isa = PBXFileReference; fileEncoding = 4; lastKnownFileType = sourcecode.c.h; path = YumiMediationAppViewController.h; sourceTree = "<group>"; };
		6D3888AF22CC4990005939C7 /* CALayer+Transition.m */ = {isa = PBXFileReference; fileEncoding = 4; lastKnownFileType = sourcecode.c.objc; path = "CALayer+Transition.m"; sourceTree = "<group>"; };
		6D3888B022CC4990005939C7 /* CALayer+Transition.h */ = {isa = PBXFileReference; fileEncoding = 4; lastKnownFileType = sourcecode.c.h; path = "CALayer+Transition.h"; sourceTree = "<group>"; };
		6D3888B422CC4990005939C7 /* UIView+Toast.h */ = {isa = PBXFileReference; fileEncoding = 4; lastKnownFileType = sourcecode.c.h; path = "UIView+Toast.h"; sourceTree = "<group>"; };
		6D3888B522CC4990005939C7 /* UIView+Toast.m */ = {isa = PBXFileReference; fileEncoding = 4; lastKnownFileType = sourcecode.c.objc; path = "UIView+Toast.m"; sourceTree = "<group>"; };
		6DA0DB2122CAF7D600CADFCC /* YumiAdSDKDemo-iOS.app */ = {isa = PBXFileReference; explicitFileType = wrapper.application; includeInIndex = 0; path = "YumiAdSDKDemo-iOS.app"; sourceTree = BUILT_PRODUCTS_DIR; };
		6DA0DB2422CAF7D600CADFCC /* AppDelegate.h */ = {isa = PBXFileReference; lastKnownFileType = sourcecode.c.h; path = AppDelegate.h; sourceTree = "<group>"; };
		6DA0DB2522CAF7D600CADFCC /* AppDelegate.m */ = {isa = PBXFileReference; lastKnownFileType = sourcecode.c.objc; path = AppDelegate.m; sourceTree = "<group>"; };
		6DA0DB2B22CAF7D600CADFCC /* Base */ = {isa = PBXFileReference; lastKnownFileType = file.storyboard; name = Base; path = Base.lproj/Main.storyboard; sourceTree = "<group>"; };
		6DA0DB2E22CAF7D600CADFCC /* YumiAdSDKDemo_iOS.xcdatamodel */ = {isa = PBXFileReference; lastKnownFileType = wrapper.xcdatamodel; path = YumiAdSDKDemo_iOS.xcdatamodel; sourceTree = "<group>"; };
		6DA0DB3022CAF7D800CADFCC /* Assets.xcassets */ = {isa = PBXFileReference; lastKnownFileType = folder.assetcatalog; path = Assets.xcassets; sourceTree = "<group>"; };
		6DA0DB3322CAF7D800CADFCC /* Base */ = {isa = PBXFileReference; lastKnownFileType = file.storyboard; name = Base; path = Base.lproj/LaunchScreen.storyboard; sourceTree = "<group>"; };
		6DA0DB3522CAF7D800CADFCC /* Info.plist */ = {isa = PBXFileReference; lastKnownFileType = text.plist.xml; path = Info.plist; sourceTree = "<group>"; };
		6DA0DB3622CAF7D800CADFCC /* main.m */ = {isa = PBXFileReference; lastKnownFileType = sourcecode.c.objc; path = main.m; sourceTree = "<group>"; };
		6DA0DB3C22CAF7D800CADFCC /* YumiAdSDKDemo-iOSTests.xctest */ = {isa = PBXFileReference; explicitFileType = wrapper.cfbundle; includeInIndex = 0; path = "YumiAdSDKDemo-iOSTests.xctest"; sourceTree = BUILT_PRODUCTS_DIR; };
		6DA0DB4022CAF7D800CADFCC /* YumiAdSDKDemo_iOSTests.m */ = {isa = PBXFileReference; lastKnownFileType = sourcecode.c.objc; path = YumiAdSDKDemo_iOSTests.m; sourceTree = "<group>"; };
		6DA0DB4222CAF7D800CADFCC /* Info.plist */ = {isa = PBXFileReference; lastKnownFileType = text.plist.xml; path = Info.plist; sourceTree = "<group>"; };
		6DA0DB4722CAF7D800CADFCC /* YumiAdSDKDemo-iOSUITests.xctest */ = {isa = PBXFileReference; explicitFileType = wrapper.cfbundle; includeInIndex = 0; path = "YumiAdSDKDemo-iOSUITests.xctest"; sourceTree = BUILT_PRODUCTS_DIR; };
		6DA0DB4B22CAF7D800CADFCC /* YumiAdSDKDemo_iOSUITests.m */ = {isa = PBXFileReference; lastKnownFileType = sourcecode.c.objc; path = YumiAdSDKDemo_iOSUITests.m; sourceTree = "<group>"; };
		6DA0DB4D22CAF7D800CADFCC /* Info.plist */ = {isa = PBXFileReference; lastKnownFileType = text.plist.xml; path = Info.plist; sourceTree = "<group>"; };
		6DC807EF2328EDBB00041C13 /* YumiNativeView.xib */ = {isa = PBXFileReference; fileEncoding = 4; lastKnownFileType = file.xib; path = YumiNativeView.xib; sourceTree = "<group>"; };
		76509B8F8736B06B74820119 /* Pods-YumiAdSDKDemo-iOS.debug.xcconfig */ = {isa = PBXFileReference; includeInIndex = 1; lastKnownFileType = text.xcconfig; name = "Pods-YumiAdSDKDemo-iOS.debug.xcconfig"; path = "Target Support Files/Pods-YumiAdSDKDemo-iOS/Pods-YumiAdSDKDemo-iOS.debug.xcconfig"; sourceTree = "<group>"; };
		8B6495FACD40F82566C3A34E /* Pods-YumiAdSDKDemo-iOSTests.debug.xcconfig */ = {isa = PBXFileReference; includeInIndex = 1; lastKnownFileType = text.xcconfig; name = "Pods-YumiAdSDKDemo-iOSTests.debug.xcconfig"; path = "Target Support Files/Pods-YumiAdSDKDemo-iOSTests/Pods-YumiAdSDKDemo-iOSTests.debug.xcconfig"; sourceTree = "<group>"; };
		9714B5668B4F6091EA288433 /* Pods-YumiAdSDKDemo-iOSTests.release.xcconfig */ = {isa = PBXFileReference; includeInIndex = 1; lastKnownFileType = text.xcconfig; name = "Pods-YumiAdSDKDemo-iOSTests.release.xcconfig"; path = "Target Support Files/Pods-YumiAdSDKDemo-iOSTests/Pods-YumiAdSDKDemo-iOSTests.release.xcconfig"; sourceTree = "<group>"; };
/* End PBXFileReference section */

/* Begin PBXFrameworksBuildPhase section */
		6DA0DB1E22CAF7D600CADFCC /* Frameworks */ = {
			isa = PBXFrameworksBuildPhase;
			buildActionMask = 2147483647;
			files = (
				C88F7F357EE0CD4C9A1165A4 /* libPods-YumiAdSDKDemo-iOS.a in Frameworks */,
			);
			runOnlyForDeploymentPostprocessing = 0;
		};
		6DA0DB3922CAF7D800CADFCC /* Frameworks */ = {
			isa = PBXFrameworksBuildPhase;
			buildActionMask = 2147483647;
			files = (
				33023205A462BC199053CD3A /* libPods-YumiAdSDKDemo-iOSTests.a in Frameworks */,
			);
			runOnlyForDeploymentPostprocessing = 0;
		};
		6DA0DB4422CAF7D800CADFCC /* Frameworks */ = {
			isa = PBXFrameworksBuildPhase;
			buildActionMask = 2147483647;
			files = (
				385B0A59800401FB4323C5C8 /* libPods-YumiAdSDKDemo-iOSUITests.a in Frameworks */,
			);
			runOnlyForDeploymentPostprocessing = 0;
		};
/* End PBXFrameworksBuildPhase section */

/* Begin PBXGroup section */
		0ACD9C347EA0202ECF47EF4B /* Frameworks */ = {
			isa = PBXGroup;
			children = (
				0360EBD86D6130BB542E099F /* libPods-YumiAdSDKDemo-iOS.a */,
				583CC2E741D0D961944FD539 /* libPods-YumiAdSDKDemo-iOSTests.a */,
				6A9B93AEE20EC8A0B6AA35A8 /* libPods-YumiAdSDKDemo-iOSUITests.a */,
			);
			name = Frameworks;
			sourceTree = "<group>";
		};
		621CF1BC7FE155C1BF7869C6 /* Pods */ = {
			isa = PBXGroup;
			children = (
				76509B8F8736B06B74820119 /* Pods-YumiAdSDKDemo-iOS.debug.xcconfig */,
				4980F35CE1916E8F4E992B71 /* Pods-YumiAdSDKDemo-iOS.release.xcconfig */,
				8B6495FACD40F82566C3A34E /* Pods-YumiAdSDKDemo-iOSTests.debug.xcconfig */,
				9714B5668B4F6091EA288433 /* Pods-YumiAdSDKDemo-iOSTests.release.xcconfig */,
				63A6BD2A437E3FB80B5C60DD /* Pods-YumiAdSDKDemo-iOSUITests.debug.xcconfig */,
				028A0E7ED771B43ED34B2B64 /* Pods-YumiAdSDKDemo-iOSUITests.release.xcconfig */,
			);
			path = Pods;
			sourceTree = "<group>";
		};
		6D3888AB22CC4990005939C7 /* Demo */ = {
			isa = PBXGroup;
			children = (
				6D1385F222CEE42B00EBBB50 /* native_back@2x.png */,
				6D1385ED22CEE42A00EBBB50 /* native_close@2x.png */,
				6D1385F522CEE42B00EBBB50 /* YumiMediationAppViewController.h */,
				6D1385F122CEE42B00EBBB50 /* YumiMediationAppViewController.m */,
				6D1385F322CEE42B00EBBB50 /* YumiMediationAppViewController.xib */,
				6D1385F022CEE42A00EBBB50 /* YumiNativeView.h */,
				6D1385F422CEE42B00EBBB50 /* YumiNativeView.m */,
				6DC807EF2328EDBB00041C13 /* YumiNativeView.xib */,
				6D1385EE22CEE42A00EBBB50 /* YumiViewController.h */,
				6D1385EF22CEE42A00EBBB50 /* YumiViewController.m */,
				6D3888AD22CC4990005939C7 /* Tools */,
			);
			path = Demo;
			sourceTree = "<group>";
		};
		6D3888AD22CC4990005939C7 /* Tools */ = {
			isa = PBXGroup;
			children = (
				6D1385E322CEE41B00EBBB50 /* PADemoUtils.h */,
				6D1385E722CEE41B00EBBB50 /* PADemoUtils.m */,
				6D1385E422CEE41B00EBBB50 /* YumiCommonHeaderFile.h */,
				6D1385E122CEE41B00EBBB50 /* YumiMediationInitializeInfoUserDefaults.h */,
				6D1385E522CEE41B00EBBB50 /* YumiMediationInitializeInfoUserDefaults.m */,
				6D1385E622CEE41B00EBBB50 /* YumiMediationInitializeModel.h */,
				6D1385E822CEE41B00EBBB50 /* YumiMediationInitializeModel.m */,
				6D3888AE22CC4990005939C7 /* TSZLayer+Transition */,
				6D3888B322CC4990005939C7 /* Toast */,
			);
			path = Tools;
			sourceTree = "<group>";
		};
		6D3888AE22CC4990005939C7 /* TSZLayer+Transition */ = {
			isa = PBXGroup;
			children = (
				6D3888B022CC4990005939C7 /* CALayer+Transition.h */,
				6D3888AF22CC4990005939C7 /* CALayer+Transition.m */,
			);
			path = "TSZLayer+Transition";
			sourceTree = "<group>";
		};
		6D3888B322CC4990005939C7 /* Toast */ = {
			isa = PBXGroup;
			children = (
				6D3888B422CC4990005939C7 /* UIView+Toast.h */,
				6D3888B522CC4990005939C7 /* UIView+Toast.m */,
			);
			path = Toast;
			sourceTree = "<group>";
		};
		6DA0DB1822CAF7D600CADFCC = {
			isa = PBXGroup;
			children = (
				6DA0DB2322CAF7D600CADFCC /* YumiAdSDKDemo-iOS */,
				6DA0DB3F22CAF7D800CADFCC /* YumiAdSDKDemo-iOSTests */,
				6DA0DB4A22CAF7D800CADFCC /* YumiAdSDKDemo-iOSUITests */,
				6DA0DB2222CAF7D600CADFCC /* Products */,
				621CF1BC7FE155C1BF7869C6 /* Pods */,
				0ACD9C347EA0202ECF47EF4B /* Frameworks */,
			);
			sourceTree = "<group>";
		};
		6DA0DB2222CAF7D600CADFCC /* Products */ = {
			isa = PBXGroup;
			children = (
				6DA0DB2122CAF7D600CADFCC /* YumiAdSDKDemo-iOS.app */,
				6DA0DB3C22CAF7D800CADFCC /* YumiAdSDKDemo-iOSTests.xctest */,
				6DA0DB4722CAF7D800CADFCC /* YumiAdSDKDemo-iOSUITests.xctest */,
			);
			name = Products;
			sourceTree = "<group>";
		};
		6DA0DB2322CAF7D600CADFCC /* YumiAdSDKDemo-iOS */ = {
			isa = PBXGroup;
			children = (
				6D3888AB22CC4990005939C7 /* Demo */,
				6DA0DB2422CAF7D600CADFCC /* AppDelegate.h */,
				6DA0DB2522CAF7D600CADFCC /* AppDelegate.m */,
				6DA0DB2A22CAF7D600CADFCC /* Main.storyboard */,
				6DA0DB3022CAF7D800CADFCC /* Assets.xcassets */,
				6DA0DB3222CAF7D800CADFCC /* LaunchScreen.storyboard */,
				6DA0DB3522CAF7D800CADFCC /* Info.plist */,
				6DA0DB3622CAF7D800CADFCC /* main.m */,
				6DA0DB2D22CAF7D600CADFCC /* YumiAdSDKDemo_iOS.xcdatamodeld */,
			);
			path = "YumiAdSDKDemo-iOS";
			sourceTree = "<group>";
		};
		6DA0DB3F22CAF7D800CADFCC /* YumiAdSDKDemo-iOSTests */ = {
			isa = PBXGroup;
			children = (
				6DA0DB4022CAF7D800CADFCC /* YumiAdSDKDemo_iOSTests.m */,
				6DA0DB4222CAF7D800CADFCC /* Info.plist */,
			);
			path = "YumiAdSDKDemo-iOSTests";
			sourceTree = "<group>";
		};
		6DA0DB4A22CAF7D800CADFCC /* YumiAdSDKDemo-iOSUITests */ = {
			isa = PBXGroup;
			children = (
				6DA0DB4B22CAF7D800CADFCC /* YumiAdSDKDemo_iOSUITests.m */,
				6DA0DB4D22CAF7D800CADFCC /* Info.plist */,
			);
			path = "YumiAdSDKDemo-iOSUITests";
			sourceTree = "<group>";
		};
/* End PBXGroup section */

/* Begin PBXNativeTarget section */
		6DA0DB2022CAF7D600CADFCC /* YumiAdSDKDemo-iOS */ = {
			isa = PBXNativeTarget;
			buildConfigurationList = 6DA0DB5022CAF7D800CADFCC /* Build configuration list for PBXNativeTarget "YumiAdSDKDemo-iOS" */;
			buildPhases = (
				25C314E5A675C0DB41D0B275 /* [CP] Check Pods Manifest.lock */,
				6DA0DB1D22CAF7D600CADFCC /* Sources */,
				6DA0DB1E22CAF7D600CADFCC /* Frameworks */,
				6DA0DB1F22CAF7D600CADFCC /* Resources */,
				86A913438700FAB93FED11BA /* [CP] Copy Pods Resources */,
			);
			buildRules = (
			);
			dependencies = (
			);
			name = "YumiAdSDKDemo-iOS";
			productName = "YumiAdSDKDemo-iOS";
			productReference = 6DA0DB2122CAF7D600CADFCC /* YumiAdSDKDemo-iOS.app */;
			productType = "com.apple.product-type.application";
		};
		6DA0DB3B22CAF7D800CADFCC /* YumiAdSDKDemo-iOSTests */ = {
			isa = PBXNativeTarget;
			buildConfigurationList = 6DA0DB5322CAF7D800CADFCC /* Build configuration list for PBXNativeTarget "YumiAdSDKDemo-iOSTests" */;
			buildPhases = (
				578CA76858E07F34A56AC25D /* [CP] Check Pods Manifest.lock */,
				6DA0DB3822CAF7D800CADFCC /* Sources */,
				6DA0DB3922CAF7D800CADFCC /* Frameworks */,
				6DA0DB3A22CAF7D800CADFCC /* Resources */,
			);
			buildRules = (
			);
			dependencies = (
				6DA0DB3E22CAF7D800CADFCC /* PBXTargetDependency */,
			);
			name = "YumiAdSDKDemo-iOSTests";
			productName = "YumiAdSDKDemo-iOSTests";
			productReference = 6DA0DB3C22CAF7D800CADFCC /* YumiAdSDKDemo-iOSTests.xctest */;
			productType = "com.apple.product-type.bundle.unit-test";
		};
		6DA0DB4622CAF7D800CADFCC /* YumiAdSDKDemo-iOSUITests */ = {
			isa = PBXNativeTarget;
			buildConfigurationList = 6DA0DB5622CAF7D800CADFCC /* Build configuration list for PBXNativeTarget "YumiAdSDKDemo-iOSUITests" */;
			buildPhases = (
				3D6227E387BDE0D2ED1984B2 /* [CP] Check Pods Manifest.lock */,
				6DA0DB4322CAF7D800CADFCC /* Sources */,
				6DA0DB4422CAF7D800CADFCC /* Frameworks */,
				6DA0DB4522CAF7D800CADFCC /* Resources */,
			);
			buildRules = (
			);
			dependencies = (
				6DA0DB4922CAF7D800CADFCC /* PBXTargetDependency */,
			);
			name = "YumiAdSDKDemo-iOSUITests";
			productName = "YumiAdSDKDemo-iOSUITests";
			productReference = 6DA0DB4722CAF7D800CADFCC /* YumiAdSDKDemo-iOSUITests.xctest */;
			productType = "com.apple.product-type.bundle.ui-testing";
		};
/* End PBXNativeTarget section */

/* Begin PBXProject section */
		6DA0DB1922CAF7D600CADFCC /* Project object */ = {
			isa = PBXProject;
			attributes = {
				LastUpgradeCheck = 1020;
				ORGANIZATIONNAME = MichaelTang;
				TargetAttributes = {
					6DA0DB2022CAF7D600CADFCC = {
						CreatedOnToolsVersion = 10.2;
					};
					6DA0DB3B22CAF7D800CADFCC = {
						CreatedOnToolsVersion = 10.2;
						TestTargetID = 6DA0DB2022CAF7D600CADFCC;
					};
					6DA0DB4622CAF7D800CADFCC = {
						CreatedOnToolsVersion = 10.2;
						TestTargetID = 6DA0DB2022CAF7D600CADFCC;
					};
				};
			};
			buildConfigurationList = 6DA0DB1C22CAF7D600CADFCC /* Build configuration list for PBXProject "YumiAdSDKDemo-iOS" */;
			compatibilityVersion = "Xcode 9.3";
			developmentRegion = en;
			hasScannedForEncodings = 0;
			knownRegions = (
				en,
				Base,
			);
			mainGroup = 6DA0DB1822CAF7D600CADFCC;
			productRefGroup = 6DA0DB2222CAF7D600CADFCC /* Products */;
			projectDirPath = "";
			projectRoot = "";
			targets = (
				6DA0DB2022CAF7D600CADFCC /* YumiAdSDKDemo-iOS */,
				6DA0DB3B22CAF7D800CADFCC /* YumiAdSDKDemo-iOSTests */,
				6DA0DB4622CAF7D800CADFCC /* YumiAdSDKDemo-iOSUITests */,
			);
		};
/* End PBXProject section */

/* Begin PBXResourcesBuildPhase section */
		6DA0DB1F22CAF7D600CADFCC /* Resources */ = {
			isa = PBXResourcesBuildPhase;
			buildActionMask = 2147483647;
			files = (
				6DA0DB3422CAF7D800CADFCC /* LaunchScreen.storyboard in Resources */,
				6DC807F22328EDBB00041C13 /* YumiNativeView.xib in Resources */,
				6D1385FA22CEE42B00EBBB50 /* YumiMediationAppViewController.xib in Resources */,
				6D1385F922CEE42B00EBBB50 /* native_back@2x.png in Resources */,
				6DA0DB3122CAF7D800CADFCC /* Assets.xcassets in Resources */,
				6D1385F622CEE42B00EBBB50 /* native_close@2x.png in Resources */,
				6DA0DB2C22CAF7D600CADFCC /* Main.storyboard in Resources */,
			);
			runOnlyForDeploymentPostprocessing = 0;
		};
		6DA0DB3A22CAF7D800CADFCC /* Resources */ = {
			isa = PBXResourcesBuildPhase;
			buildActionMask = 2147483647;
			files = (
			);
			runOnlyForDeploymentPostprocessing = 0;
		};
		6DA0DB4522CAF7D800CADFCC /* Resources */ = {
			isa = PBXResourcesBuildPhase;
			buildActionMask = 2147483647;
			files = (
			);
			runOnlyForDeploymentPostprocessing = 0;
		};
/* End PBXResourcesBuildPhase section */

/* Begin PBXShellScriptBuildPhase section */
		25C314E5A675C0DB41D0B275 /* [CP] Check Pods Manifest.lock */ = {
			isa = PBXShellScriptBuildPhase;
			buildActionMask = 2147483647;
			files = (
			);
			inputFileListPaths = (
			);
			inputPaths = (
				"${PODS_PODFILE_DIR_PATH}/Podfile.lock",
				"${PODS_ROOT}/Manifest.lock",
			);
			name = "[CP] Check Pods Manifest.lock";
			outputFileListPaths = (
			);
			outputPaths = (
				"$(DERIVED_FILE_DIR)/Pods-YumiAdSDKDemo-iOS-checkManifestLockResult.txt",
			);
			runOnlyForDeploymentPostprocessing = 0;
			shellPath = /bin/sh;
			shellScript = "diff \"${PODS_PODFILE_DIR_PATH}/Podfile.lock\" \"${PODS_ROOT}/Manifest.lock\" > /dev/null\nif [ $? != 0 ] ; then\n    # print error to STDERR\n    echo \"error: The sandbox is not in sync with the Podfile.lock. Run 'pod install' or update your CocoaPods installation.\" >&2\n    exit 1\nfi\n# This output is used by Xcode 'outputs' to avoid re-running this script phase.\necho \"SUCCESS\" > \"${SCRIPT_OUTPUT_FILE_0}\"\n";
			showEnvVarsInLog = 0;
		};
		3D6227E387BDE0D2ED1984B2 /* [CP] Check Pods Manifest.lock */ = {
			isa = PBXShellScriptBuildPhase;
			buildActionMask = 2147483647;
			files = (
			);
			inputFileListPaths = (
			);
			inputPaths = (
				"${PODS_PODFILE_DIR_PATH}/Podfile.lock",
				"${PODS_ROOT}/Manifest.lock",
			);
			name = "[CP] Check Pods Manifest.lock";
			outputFileListPaths = (
			);
			outputPaths = (
				"$(DERIVED_FILE_DIR)/Pods-YumiAdSDKDemo-iOSUITests-checkManifestLockResult.txt",
			);
			runOnlyForDeploymentPostprocessing = 0;
			shellPath = /bin/sh;
			shellScript = "diff \"${PODS_PODFILE_DIR_PATH}/Podfile.lock\" \"${PODS_ROOT}/Manifest.lock\" > /dev/null\nif [ $? != 0 ] ; then\n    # print error to STDERR\n    echo \"error: The sandbox is not in sync with the Podfile.lock. Run 'pod install' or update your CocoaPods installation.\" >&2\n    exit 1\nfi\n# This output is used by Xcode 'outputs' to avoid re-running this script phase.\necho \"SUCCESS\" > \"${SCRIPT_OUTPUT_FILE_0}\"\n";
			showEnvVarsInLog = 0;
		};
		578CA76858E07F34A56AC25D /* [CP] Check Pods Manifest.lock */ = {
			isa = PBXShellScriptBuildPhase;
			buildActionMask = 2147483647;
			files = (
			);
			inputFileListPaths = (
			);
			inputPaths = (
				"${PODS_PODFILE_DIR_PATH}/Podfile.lock",
				"${PODS_ROOT}/Manifest.lock",
			);
			name = "[CP] Check Pods Manifest.lock";
			outputFileListPaths = (
			);
			outputPaths = (
				"$(DERIVED_FILE_DIR)/Pods-YumiAdSDKDemo-iOSTests-checkManifestLockResult.txt",
			);
			runOnlyForDeploymentPostprocessing = 0;
			shellPath = /bin/sh;
			shellScript = "diff \"${PODS_PODFILE_DIR_PATH}/Podfile.lock\" \"${PODS_ROOT}/Manifest.lock\" > /dev/null\nif [ $? != 0 ] ; then\n    # print error to STDERR\n    echo \"error: The sandbox is not in sync with the Podfile.lock. Run 'pod install' or update your CocoaPods installation.\" >&2\n    exit 1\nfi\n# This output is used by Xcode 'outputs' to avoid re-running this script phase.\necho \"SUCCESS\" > \"${SCRIPT_OUTPUT_FILE_0}\"\n";
			showEnvVarsInLog = 0;
		};
		86A913438700FAB93FED11BA /* [CP] Copy Pods Resources */ = {
			isa = PBXShellScriptBuildPhase;
			buildActionMask = 2147483647;
			files = (
			);
			inputFileListPaths = (
				"${PODS_ROOT}/Target Support Files/Pods-YumiAdSDKDemo-iOS/Pods-YumiAdSDKDemo-iOS-resources-${CONFIGURATION}-input-files.xcfilelist",
			);
			name = "[CP] Copy Pods Resources";
			outputFileListPaths = (
				"${PODS_ROOT}/Target Support Files/Pods-YumiAdSDKDemo-iOS/Pods-YumiAdSDKDemo-iOS-resources-${CONFIGURATION}-output-files.xcfilelist",
			);
			runOnlyForDeploymentPostprocessing = 0;
			shellPath = /bin/sh;
			shellScript = "\"${PODS_ROOT}/Target Support Files/Pods-YumiAdSDKDemo-iOS/Pods-YumiAdSDKDemo-iOS-resources.sh\"\n";
			showEnvVarsInLog = 0;
		};
/* End PBXShellScriptBuildPhase section */

/* Begin PBXSourcesBuildPhase section */
		6DA0DB1D22CAF7D600CADFCC /* Sources */ = {
			isa = PBXSourcesBuildPhase;
			buildActionMask = 2147483647;
			files = (
				6D3888C722CC4990005939C7 /* UIView+Toast.m in Sources */,
				6DA0DB2F22CAF7D600CADFCC /* YumiAdSDKDemo_iOS.xcdatamodeld in Sources */,
				6D1385FB22CEE42B00EBBB50 /* YumiNativeView.m in Sources */,
				6D1385EC22CEE41B00EBBB50 /* YumiMediationInitializeModel.m in Sources */,
				6DA0DB3722CAF7D800CADFCC /* main.m in Sources */,
				6D1385F822CEE42B00EBBB50 /* YumiMediationAppViewController.m in Sources */,
				6D1385EA22CEE41B00EBBB50 /* YumiMediationInitializeInfoUserDefaults.m in Sources */,
				6D1385F722CEE42B00EBBB50 /* YumiViewController.m in Sources */,
				6D3888C522CC4990005939C7 /* CALayer+Transition.m in Sources */,
				6DA0DB2622CAF7D600CADFCC /* AppDelegate.m in Sources */,
				6D1385EB22CEE41B00EBBB50 /* PADemoUtils.m in Sources */,
			);
			runOnlyForDeploymentPostprocessing = 0;
		};
		6DA0DB3822CAF7D800CADFCC /* Sources */ = {
			isa = PBXSourcesBuildPhase;
			buildActionMask = 2147483647;
			files = (
				6DA0DB4122CAF7D800CADFCC /* YumiAdSDKDemo_iOSTests.m in Sources */,
			);
			runOnlyForDeploymentPostprocessing = 0;
		};
		6DA0DB4322CAF7D800CADFCC /* Sources */ = {
			isa = PBXSourcesBuildPhase;
			buildActionMask = 2147483647;
			files = (
				6DA0DB4C22CAF7D800CADFCC /* YumiAdSDKDemo_iOSUITests.m in Sources */,
			);
			runOnlyForDeploymentPostprocessing = 0;
		};
/* End PBXSourcesBuildPhase section */

/* Begin PBXTargetDependency section */
		6DA0DB3E22CAF7D800CADFCC /* PBXTargetDependency */ = {
			isa = PBXTargetDependency;
			target = 6DA0DB2022CAF7D600CADFCC /* YumiAdSDKDemo-iOS */;
			targetProxy = 6DA0DB3D22CAF7D800CADFCC /* PBXContainerItemProxy */;
		};
		6DA0DB4922CAF7D800CADFCC /* PBXTargetDependency */ = {
			isa = PBXTargetDependency;
			target = 6DA0DB2022CAF7D600CADFCC /* YumiAdSDKDemo-iOS */;
			targetProxy = 6DA0DB4822CAF7D800CADFCC /* PBXContainerItemProxy */;
		};
/* End PBXTargetDependency section */

/* Begin PBXVariantGroup section */
		6DA0DB2A22CAF7D600CADFCC /* Main.storyboard */ = {
			isa = PBXVariantGroup;
			children = (
				6DA0DB2B22CAF7D600CADFCC /* Base */,
			);
			name = Main.storyboard;
			sourceTree = "<group>";
		};
		6DA0DB3222CAF7D800CADFCC /* LaunchScreen.storyboard */ = {
			isa = PBXVariantGroup;
			children = (
				6DA0DB3322CAF7D800CADFCC /* Base */,
			);
			name = LaunchScreen.storyboard;
			sourceTree = "<group>";
		};
/* End PBXVariantGroup section */

/* Begin XCBuildConfiguration section */
		6DA0DB4E22CAF7D800CADFCC /* Debug */ = {
			isa = XCBuildConfiguration;
			buildSettings = {
				ALWAYS_SEARCH_USER_PATHS = NO;
				CLANG_ANALYZER_NONNULL = YES;
				CLANG_ANALYZER_NUMBER_OBJECT_CONVERSION = YES_AGGRESSIVE;
				CLANG_CXX_LANGUAGE_STANDARD = "gnu++14";
				CLANG_CXX_LIBRARY = "libc++";
				CLANG_ENABLE_MODULES = YES;
				CLANG_ENABLE_OBJC_ARC = YES;
				CLANG_ENABLE_OBJC_WEAK = YES;
				CLANG_WARN_BLOCK_CAPTURE_AUTORELEASING = YES;
				CLANG_WARN_BOOL_CONVERSION = YES;
				CLANG_WARN_COMMA = YES;
				CLANG_WARN_CONSTANT_CONVERSION = YES;
				CLANG_WARN_DEPRECATED_OBJC_IMPLEMENTATIONS = YES;
				CLANG_WARN_DIRECT_OBJC_ISA_USAGE = YES_ERROR;
				CLANG_WARN_DOCUMENTATION_COMMENTS = YES;
				CLANG_WARN_EMPTY_BODY = YES;
				CLANG_WARN_ENUM_CONVERSION = YES;
				CLANG_WARN_INFINITE_RECURSION = YES;
				CLANG_WARN_INT_CONVERSION = YES;
				CLANG_WARN_NON_LITERAL_NULL_CONVERSION = YES;
				CLANG_WARN_OBJC_IMPLICIT_RETAIN_SELF = YES;
				CLANG_WARN_OBJC_LITERAL_CONVERSION = YES;
				CLANG_WARN_OBJC_ROOT_CLASS = YES_ERROR;
				CLANG_WARN_RANGE_LOOP_ANALYSIS = YES;
				CLANG_WARN_STRICT_PROTOTYPES = YES;
				CLANG_WARN_SUSPICIOUS_MOVE = YES;
				CLANG_WARN_UNGUARDED_AVAILABILITY = YES_AGGRESSIVE;
				CLANG_WARN_UNREACHABLE_CODE = YES;
				CLANG_WARN__DUPLICATE_METHOD_MATCH = YES;
				CODE_SIGN_IDENTITY = "iPhone Developer";
				COPY_PHASE_STRIP = NO;
				DEBUG_INFORMATION_FORMAT = dwarf;
				ENABLE_STRICT_OBJC_MSGSEND = YES;
				ENABLE_TESTABILITY = YES;
				GCC_C_LANGUAGE_STANDARD = gnu11;
				GCC_DYNAMIC_NO_PIC = NO;
				GCC_NO_COMMON_BLOCKS = YES;
				GCC_OPTIMIZATION_LEVEL = 0;
				GCC_PREPROCESSOR_DEFINITIONS = (
					"DEBUG=1",
					"$(inherited)",
				);
				GCC_WARN_64_TO_32_BIT_CONVERSION = YES;
				GCC_WARN_ABOUT_RETURN_TYPE = YES_ERROR;
				GCC_WARN_UNDECLARED_SELECTOR = YES;
				GCC_WARN_UNINITIALIZED_AUTOS = YES_AGGRESSIVE;
				GCC_WARN_UNUSED_FUNCTION = YES;
				GCC_WARN_UNUSED_VARIABLE = YES;
				IPHONEOS_DEPLOYMENT_TARGET = 9.0;
				MTL_ENABLE_DEBUG_INFO = INCLUDE_SOURCE;
				MTL_FAST_MATH = YES;
				ONLY_ACTIVE_ARCH = YES;
				SDKROOT = iphoneos;
			};
			name = Debug;
		};
		6DA0DB4F22CAF7D800CADFCC /* Release */ = {
			isa = XCBuildConfiguration;
			buildSettings = {
				ALWAYS_SEARCH_USER_PATHS = NO;
				CLANG_ANALYZER_NONNULL = YES;
				CLANG_ANALYZER_NUMBER_OBJECT_CONVERSION = YES_AGGRESSIVE;
				CLANG_CXX_LANGUAGE_STANDARD = "gnu++14";
				CLANG_CXX_LIBRARY = "libc++";
				CLANG_ENABLE_MODULES = YES;
				CLANG_ENABLE_OBJC_ARC = YES;
				CLANG_ENABLE_OBJC_WEAK = YES;
				CLANG_WARN_BLOCK_CAPTURE_AUTORELEASING = YES;
				CLANG_WARN_BOOL_CONVERSION = YES;
				CLANG_WARN_COMMA = YES;
				CLANG_WARN_CONSTANT_CONVERSION = YES;
				CLANG_WARN_DEPRECATED_OBJC_IMPLEMENTATIONS = YES;
				CLANG_WARN_DIRECT_OBJC_ISA_USAGE = YES_ERROR;
				CLANG_WARN_DOCUMENTATION_COMMENTS = YES;
				CLANG_WARN_EMPTY_BODY = YES;
				CLANG_WARN_ENUM_CONVERSION = YES;
				CLANG_WARN_INFINITE_RECURSION = YES;
				CLANG_WARN_INT_CONVERSION = YES;
				CLANG_WARN_NON_LITERAL_NULL_CONVERSION = YES;
				CLANG_WARN_OBJC_IMPLICIT_RETAIN_SELF = YES;
				CLANG_WARN_OBJC_LITERAL_CONVERSION = YES;
				CLANG_WARN_OBJC_ROOT_CLASS = YES_ERROR;
				CLANG_WARN_RANGE_LOOP_ANALYSIS = YES;
				CLANG_WARN_STRICT_PROTOTYPES = YES;
				CLANG_WARN_SUSPICIOUS_MOVE = YES;
				CLANG_WARN_UNGUARDED_AVAILABILITY = YES_AGGRESSIVE;
				CLANG_WARN_UNREACHABLE_CODE = YES;
				CLANG_WARN__DUPLICATE_METHOD_MATCH = YES;
				CODE_SIGN_IDENTITY = "iPhone Developer";
				COPY_PHASE_STRIP = NO;
				DEBUG_INFORMATION_FORMAT = "dwarf-with-dsym";
				ENABLE_NS_ASSERTIONS = NO;
				ENABLE_STRICT_OBJC_MSGSEND = YES;
				GCC_C_LANGUAGE_STANDARD = gnu11;
				GCC_NO_COMMON_BLOCKS = YES;
				GCC_WARN_64_TO_32_BIT_CONVERSION = YES;
				GCC_WARN_ABOUT_RETURN_TYPE = YES_ERROR;
				GCC_WARN_UNDECLARED_SELECTOR = YES;
				GCC_WARN_UNINITIALIZED_AUTOS = YES_AGGRESSIVE;
				GCC_WARN_UNUSED_FUNCTION = YES;
				GCC_WARN_UNUSED_VARIABLE = YES;
				IPHONEOS_DEPLOYMENT_TARGET = 9.0;
				MTL_ENABLE_DEBUG_INFO = NO;
				MTL_FAST_MATH = YES;
				SDKROOT = iphoneos;
				VALIDATE_PRODUCT = YES;
			};
			name = Release;
		};
		6DA0DB5122CAF7D800CADFCC /* Debug */ = {
			isa = XCBuildConfiguration;
			baseConfigurationReference = 76509B8F8736B06B74820119 /* Pods-YumiAdSDKDemo-iOS.debug.xcconfig */;
			buildSettings = {
				ASSETCATALOG_COMPILER_APPICON_NAME = AppIcon;
				CODE_SIGN_IDENTITY = "iPhone Distribution";
				CODE_SIGN_STYLE = Manual;
				CURRENT_PROJECT_VERSION = 2019111501;
				DEVELOPMENT_TEAM = L5UE3EGW93;
				FRAMEWORK_SEARCH_PATHS = (
					"$(inherited)",
					"$(PROJECT_DIR)/YumiAdSDKDemo-iOS/YumiAdSDK",
					"$(PROJECT_DIR)/YumiAdSDKDemo-iOS/YumiAdSDK.embeddedframework",
					"$(PROJECT_DIR)/YumiAdSDKDemo-iOS/Demo/YumiAdSDK",
				);
				INFOPLIST_FILE = "YumiAdSDKDemo-iOS/Info.plist";
				IPHONEOS_DEPLOYMENT_TARGET = 9.0;
				LD_RUNPATH_SEARCH_PATHS = (
					"$(inherited)",
					"@executable_path/Frameworks",
				);
				LIBRARY_SEARCH_PATHS = (
					"$(inherited)",
					"$(PROJECT_DIR)/YumiAdSDKDemo-iOS/YumiAdSDK.embeddedframework",
					"$(PROJECT_DIR)/YumiAdSDKDemo-iOS",
				);
				MARKETING_VERSION = 4.3.4.100;
				PRODUCT_BUNDLE_IDENTIFIER = com.zplay.popstar;
				PRODUCT_NAME = "$(TARGET_NAME)";
				PROVISIONING_PROFILE_SPECIFIER = Dis;
				TARGETED_DEVICE_FAMILY = "1,2";
			};
			name = Debug;
		};
		6DA0DB5222CAF7D800CADFCC /* Release */ = {
			isa = XCBuildConfiguration;
			baseConfigurationReference = 4980F35CE1916E8F4E992B71 /* Pods-YumiAdSDKDemo-iOS.release.xcconfig */;
			buildSettings = {
				ASSETCATALOG_COMPILER_APPICON_NAME = AppIcon;
				CODE_SIGN_IDENTITY = "iPhone Distribution";
				CODE_SIGN_STYLE = Manual;
				CURRENT_PROJECT_VERSION = 2019111501;
				DEVELOPMENT_TEAM = L5UE3EGW93;
				FRAMEWORK_SEARCH_PATHS = (
					"$(inherited)",
					"$(PROJECT_DIR)/YumiAdSDKDemo-iOS/YumiAdSDK",
					"$(PROJECT_DIR)/YumiAdSDKDemo-iOS/YumiAdSDK.embeddedframework",
					"$(PROJECT_DIR)/YumiAdSDKDemo-iOS/Demo/YumiAdSDK",
				);
				INFOPLIST_FILE = "YumiAdSDKDemo-iOS/Info.plist";
				IPHONEOS_DEPLOYMENT_TARGET = 9.0;
				LD_RUNPATH_SEARCH_PATHS = (
					"$(inherited)",
					"@executable_path/Frameworks",
				);
				LIBRARY_SEARCH_PATHS = (
					"$(inherited)",
					"$(PROJECT_DIR)/YumiAdSDKDemo-iOS/YumiAdSDK.embeddedframework",
					"$(PROJECT_DIR)/YumiAdSDKDemo-iOS",
				);
				MARKETING_VERSION = 4.3.4.100;
				PRODUCT_BUNDLE_IDENTIFIER = com.zplay.popstar;
				PRODUCT_NAME = "$(TARGET_NAME)";
				PROVISIONING_PROFILE_SPECIFIER = Dis;
				TARGETED_DEVICE_FAMILY = "1,2";
			};
			name = Release;
		};
		6DA0DB5422CAF7D800CADFCC /* Debug */ = {
			isa = XCBuildConfiguration;
			baseConfigurationReference = 8B6495FACD40F82566C3A34E /* Pods-YumiAdSDKDemo-iOSTests.debug.xcconfig */;
			buildSettings = {
				BUNDLE_LOADER = "$(TEST_HOST)";
				CODE_SIGN_STYLE = Automatic;
				DEVELOPMENT_TEAM = VG25A6M88T;
				INFOPLIST_FILE = "YumiAdSDKDemo-iOSTests/Info.plist";
				LD_RUNPATH_SEARCH_PATHS = (
					"$(inherited)",
					"@executable_path/Frameworks",
					"@loader_path/Frameworks",
				);
				PRODUCT_BUNDLE_IDENTIFIER = "com.tfeng.YumiAdSDKDemo-iOSTests";
				PRODUCT_NAME = "$(TARGET_NAME)";
				TARGETED_DEVICE_FAMILY = "1,2";
				TEST_HOST = "$(BUILT_PRODUCTS_DIR)/YumiAdSDKDemo-iOS.app/YumiAdSDKDemo-iOS";
			};
			name = Debug;
		};
		6DA0DB5522CAF7D800CADFCC /* Release */ = {
			isa = XCBuildConfiguration;
			baseConfigurationReference = 9714B5668B4F6091EA288433 /* Pods-YumiAdSDKDemo-iOSTests.release.xcconfig */;
			buildSettings = {
				BUNDLE_LOADER = "$(TEST_HOST)";
				CODE_SIGN_STYLE = Automatic;
				DEVELOPMENT_TEAM = VG25A6M88T;
				INFOPLIST_FILE = "YumiAdSDKDemo-iOSTests/Info.plist";
				LD_RUNPATH_SEARCH_PATHS = (
					"$(inherited)",
					"@executable_path/Frameworks",
					"@loader_path/Frameworks",
				);
				PRODUCT_BUNDLE_IDENTIFIER = "com.tfeng.YumiAdSDKDemo-iOSTests";
				PRODUCT_NAME = "$(TARGET_NAME)";
				TARGETED_DEVICE_FAMILY = "1,2";
				TEST_HOST = "$(BUILT_PRODUCTS_DIR)/YumiAdSDKDemo-iOS.app/YumiAdSDKDemo-iOS";
			};
			name = Release;
		};
		6DA0DB5722CAF7D800CADFCC /* Debug */ = {
			isa = XCBuildConfiguration;
			baseConfigurationReference = 63A6BD2A437E3FB80B5C60DD /* Pods-YumiAdSDKDemo-iOSUITests.debug.xcconfig */;
			buildSettings = {
				CODE_SIGN_STYLE = Automatic;
				DEVELOPMENT_TEAM = VG25A6M88T;
				INFOPLIST_FILE = "YumiAdSDKDemo-iOSUITests/Info.plist";
				LD_RUNPATH_SEARCH_PATHS = (
					"$(inherited)",
					"@executable_path/Frameworks",
					"@loader_path/Frameworks",
				);
				PRODUCT_BUNDLE_IDENTIFIER = "com.tfeng.YumiAdSDKDemo-iOSUITests";
				PRODUCT_NAME = "$(TARGET_NAME)";
				TARGETED_DEVICE_FAMILY = "1,2";
				TEST_TARGET_NAME = "YumiAdSDKDemo-iOS";
			};
			name = Debug;
		};
		6DA0DB5822CAF7D800CADFCC /* Release */ = {
			isa = XCBuildConfiguration;
			baseConfigurationReference = 028A0E7ED771B43ED34B2B64 /* Pods-YumiAdSDKDemo-iOSUITests.release.xcconfig */;
			buildSettings = {
				CODE_SIGN_STYLE = Automatic;
				DEVELOPMENT_TEAM = VG25A6M88T;
				INFOPLIST_FILE = "YumiAdSDKDemo-iOSUITests/Info.plist";
				LD_RUNPATH_SEARCH_PATHS = (
					"$(inherited)",
					"@executable_path/Frameworks",
					"@loader_path/Frameworks",
				);
				PRODUCT_BUNDLE_IDENTIFIER = "com.tfeng.YumiAdSDKDemo-iOSUITests";
				PRODUCT_NAME = "$(TARGET_NAME)";
				TARGETED_DEVICE_FAMILY = "1,2";
				TEST_TARGET_NAME = "YumiAdSDKDemo-iOS";
			};
			name = Release;
		};
/* End XCBuildConfiguration section */

/* Begin XCConfigurationList section */
		6DA0DB1C22CAF7D600CADFCC /* Build configuration list for PBXProject "YumiAdSDKDemo-iOS" */ = {
			isa = XCConfigurationList;
			buildConfigurations = (
				6DA0DB4E22CAF7D800CADFCC /* Debug */,
				6DA0DB4F22CAF7D800CADFCC /* Release */,
			);
			defaultConfigurationIsVisible = 0;
			defaultConfigurationName = Release;
		};
		6DA0DB5022CAF7D800CADFCC /* Build configuration list for PBXNativeTarget "YumiAdSDKDemo-iOS" */ = {
			isa = XCConfigurationList;
			buildConfigurations = (
				6DA0DB5122CAF7D800CADFCC /* Debug */,
				6DA0DB5222CAF7D800CADFCC /* Release */,
			);
			defaultConfigurationIsVisible = 0;
			defaultConfigurationName = Release;
		};
		6DA0DB5322CAF7D800CADFCC /* Build configuration list for PBXNativeTarget "YumiAdSDKDemo-iOSTests" */ = {
			isa = XCConfigurationList;
			buildConfigurations = (
				6DA0DB5422CAF7D800CADFCC /* Debug */,
				6DA0DB5522CAF7D800CADFCC /* Release */,
			);
			defaultConfigurationIsVisible = 0;
			defaultConfigurationName = Release;
		};
		6DA0DB5622CAF7D800CADFCC /* Build configuration list for PBXNativeTarget "YumiAdSDKDemo-iOSUITests" */ = {
			isa = XCConfigurationList;
			buildConfigurations = (
				6DA0DB5722CAF7D800CADFCC /* Debug */,
				6DA0DB5822CAF7D800CADFCC /* Release */,
			);
			defaultConfigurationIsVisible = 0;
			defaultConfigurationName = Release;
		};
/* End XCConfigurationList section */

/* Begin XCVersionGroup section */
		6DA0DB2D22CAF7D600CADFCC /* YumiAdSDKDemo_iOS.xcdatamodeld */ = {
			isa = XCVersionGroup;
			children = (
				6DA0DB2E22CAF7D600CADFCC /* YumiAdSDKDemo_iOS.xcdatamodel */,
			);
			currentVersion = 6DA0DB2E22CAF7D600CADFCC /* YumiAdSDKDemo_iOS.xcdatamodel */;
			path = YumiAdSDKDemo_iOS.xcdatamodeld;
			sourceTree = "<group>";
			versionGroupType = wrapper.xcdatamodel;
		};
/* End XCVersionGroup section */
	};
	rootObject = 6DA0DB1922CAF7D600CADFCC /* Project object */;
}
